
Microsoft Visual Studio Solution File, Format Version 12.00
# Visual Studio Version 16
VisualStudioVersion = 16.0.31911.196
MinimumVisualStudioVersion = 10.0.40219.1
Project("{FAE04EC0-301F-11D3-BF4B-00C04F79EFBC}") = "Gestor de Juegos Completados", "Gestor de Juegos Completados\Gestor de Juegos Completados.csproj", "{11416B36-E0B2-49E3-8ADE-AB2E2E79F793}"
EndProject
Global
	GlobalSection(SolutionConfigurationPlatforms) = preSolution
		Debug|Any CPU = Debug|Any CPU
		Release|Any CPU = Release|Any CPU
	EndGlobalSection
	GlobalSection(ProjectConfigurationPlatforms) = postSolution
		{11416B36-E0B2-49E3-8ADE-AB2E2E79F793}.Debug|Any CPU.ActiveCfg = Debug|Any CPU
		{11416B36-E0B2-49E3-8ADE-AB2E2E79F793}.Debug|Any CPU.Build.0 = Debug|Any CPU
		{11416B36-E0B2-49E3-8ADE-AB2E2E79F793}.Release|Any CPU.ActiveCfg = Release|Any CPU
		{11416B36-E0B2-49E3-8ADE-AB2E2E79F793}.Release|Any CPU.Build.0 = Release|Any CPU
	EndGlobalSection
	GlobalSection(SolutionProperties) = preSolution
		HideSolutionNode = FALSE
	EndGlobalSection
	GlobalSection(ExtensibilityGlobals) = postSolution
		SolutionGuid = {5B8D53E7-90E5-4446-9C2A-1C318A506681}
	EndGlobalSection
EndGlobal
